
Microsoft Visual Studio Solution File, Format Version 12.00
# Visual Studio 15
VisualStudioVersion = 15.0.27128.1
MinimumVisualStudioVersion = 10.0.40219.1
Project("{9A19103F-16F7-4668-BE54-9A1E7A4F7556}") = "CalcRoute", "PathFinder\CalcRoute.csproj", "{7C5084E0-79E9-419D-B3F8-59A7186190F6}"
EndProject
Project("{9A19103F-16F7-4668-BE54-9A1E7A4F7556}") = "CalcRoute.Routes", "PathFinder.Routes\CalcRoute.Routes.csproj", "{A4041902-9E61-478B-A654-49BF17A1B685}"
EndProject
Project("{9A19103F-16F7-4668-BE54-9A1E7A4F7556}") = "CalcRoute.GeneticAlgorithm", "PathFinder.GeneticAlgorithm\CalcRoute.GeneticAlgorithm.csproj", "{BD082D95-1AC1-4B25-AEA3-EC9AB9F1B7F8}"
EndProject
Project("{9A19103F-16F7-4668-BE54-9A1E7A4F7556}") = "PathFinder.Tests", "PathFinder.Tests\PathFinder.Tests.csproj", "{8DE6C08F-06C2-415E-B92B-AAE7B3978B25}"
EndProject
Project("{FAE04EC0-301F-11D3-BF4B-00C04F79EFBC}") = "CalcRoute.DataGenerator", "PathFinder.DataGenerator\CalcRoute.DataGenerator.csproj", "{78FE8393-D885-41E7-8445-9D72D17EE1BA}"
EndProject
Project("{9A19103F-16F7-4668-BE54-9A1E7A4F7556}") = "CalcRoute.API", "RouteGA\CalcRoute.API.csproj", "{311334C4-D5A1-4541-B678-F4BA878C3DEE}"
EndProject
Global
	GlobalSection(SolutionConfigurationPlatforms) = preSolution
		Debug|Any CPU = Debug|Any CPU
		Release|Any CPU = Release|Any CPU
	EndGlobalSection
	GlobalSection(ProjectConfigurationPlatforms) = postSolution
		{7C5084E0-79E9-419D-B3F8-59A7186190F6}.Debug|Any CPU.ActiveCfg = Debug|Any CPU
		{7C5084E0-79E9-419D-B3F8-59A7186190F6}.Debug|Any CPU.Build.0 = Debug|Any CPU
		{7C5084E0-79E9-419D-B3F8-59A7186190F6}.Release|Any CPU.ActiveCfg = Release|Any CPU
		{7C5084E0-79E9-419D-B3F8-59A7186190F6}.Release|Any CPU.Build.0 = Release|Any CPU
		{A4041902-9E61-478B-A654-49BF17A1B685}.Debug|Any CPU.ActiveCfg = Debug|Any CPU
		{A4041902-9E61-478B-A654-49BF17A1B685}.Debug|Any CPU.Build.0 = Debug|Any CPU
		{A4041902-9E61-478B-A654-49BF17A1B685}.Release|Any CPU.ActiveCfg = Release|Any CPU
		{A4041902-9E61-478B-A654-49BF17A1B685}.Release|Any CPU.Build.0 = Release|Any CPU
		{BD082D95-1AC1-4B25-AEA3-EC9AB9F1B7F8}.Debug|Any CPU.ActiveCfg = Debug|Any CPU
		{BD082D95-1AC1-4B25-AEA3-EC9AB9F1B7F8}.Debug|Any CPU.Build.0 = Debug|Any CPU
		{BD082D95-1AC1-4B25-AEA3-EC9AB9F1B7F8}.Release|Any CPU.ActiveCfg = Release|Any CPU
		{BD082D95-1AC1-4B25-AEA3-EC9AB9F1B7F8}.Release|Any CPU.Build.0 = Release|Any CPU
		{8DE6C08F-06C2-415E-B92B-AAE7B3978B25}.Debug|Any CPU.ActiveCfg = Debug|Any CPU
		{8DE6C08F-06C2-415E-B92B-AAE7B3978B25}.Debug|Any CPU.Build.0 = Debug|Any CPU
		{8DE6C08F-06C2-415E-B92B-AAE7B3978B25}.Release|Any CPU.ActiveCfg = Release|Any CPU
		{8DE6C08F-06C2-415E-B92B-AAE7B3978B25}.Release|Any CPU.Build.0 = Release|Any CPU
		{78FE8393-D885-41E7-8445-9D72D17EE1BA}.Debug|Any CPU.ActiveCfg = Debug|Any CPU
		{78FE8393-D885-41E7-8445-9D72D17EE1BA}.Debug|Any CPU.Build.0 = Debug|Any CPU
		{78FE8393-D885-41E7-8445-9D72D17EE1BA}.Release|Any CPU.ActiveCfg = Release|Any CPU
		{78FE8393-D885-41E7-8445-9D72D17EE1BA}.Release|Any CPU.Build.0 = Release|Any CPU
		{311334C4-D5A1-4541-B678-F4BA878C3DEE}.Debug|Any CPU.ActiveCfg = Debug|Any CPU
		{311334C4-D5A1-4541-B678-F4BA878C3DEE}.Debug|Any CPU.Build.0 = Debug|Any CPU
		{311334C4-D5A1-4541-B678-F4BA878C3DEE}.Release|Any CPU.ActiveCfg = Release|Any CPU
		{311334C4-D5A1-4541-B678-F4BA878C3DEE}.Release|Any CPU.Build.0 = Release|Any CPU
	EndGlobalSection
	GlobalSection(SolutionProperties) = preSolution
		HideSolutionNode = FALSE
	EndGlobalSection
	GlobalSection(ExtensibilityGlobals) = postSolution
		SolutionGuid = {4785438E-72BE-408E-83B6-F465C1C44EAE}
	EndGlobalSection
	GlobalSection(Performance) = preSolution
		HasPerformanceSessions = true
	EndGlobalSection
EndGlobal
